// !$*UTF8*$!
{
	archiveVersion = 1;
	classes = {
	};
	objectVersion = 77;
	objects = {

/* Begin PBXBuildFile section */
		FD1240CE2EA29EC400C4BC15 /* OnboardingView.swift in Sources */ = {isa = PBXBuildFile; fileRef = FD1240CD2EA29EC400C4BC15 /* OnboardingView.swift */; };
		FD1240D02EA2A01A00C4BC15 /* WelcomePage.swift in Sources */ = {isa = PBXBuildFile; fileRef = FD1240CF2EA2A01A00C4BC15 /* WelcomePage.swift */; };
		FD1240D22EA2A05300C4BC15 /* FeaturePage.swift in Sources */ = {isa = PBXBuildFile; fileRef = FD1240D12EA2A05300C4BC15 /* FeaturePage.swift */; };
		FD1240D42EA2A07A00C4BC15 /* FeatureCard.swift in Sources */ = {isa = PBXBuildFile; fileRef = FD1240D32EA2A07A00C4BC15 /* FeatureCard.swift */; };
		FD1240D62EA2A0A900C4BC15 /* GoalView.swift in Sources */ = {isa = PBXBuildFile; fileRef = FD1240D52EA2A0A800C4BC15 /* GoalView.swift */; };
		FD1240D92EA2A3A900C4BC15 /* TopicListView.swift in Sources */ = {isa = PBXBuildFile; fileRef = FD1240D82EA2A3A900C4BC15 /* TopicListView.swift */; };
		FD1240DB2EA2A40A00C4BC15 /* TopicDetailView.swift in Sources */ = {isa = PBXBuildFile; fileRef = FD1240DA2EA2A40A00C4BC15 /* TopicDetailView.swift */; };
		FD1240DD2EA2A50300C4BC15 /* TopicCard.swift in Sources */ = {isa = PBXBuildFile; fileRef = FD1240DC2EA2A50300C4BC15 /* TopicCard.swift */; };
		FD1240DF2EA2A54800C4BC15 /* NewTopicView.swift in Sources */ = {isa = PBXBuildFile; fileRef = FD1240DE2EA2A54800C4BC15 /* NewTopicView.swift */; };
		FD1240E42EA2C58D00C4BC15 /* StreakView.swift in Sources */ = {isa = PBXBuildFile; fileRef = FD1240E32EA2C58D00C4BC15 /* StreakView.swift */; };
		FD1240E62EA2C5BF00C4BC15 /* LongestStreakView.swift in Sources */ = {isa = PBXBuildFile; fileRef = FD1240E52EA2C5BF00C4BC15 /* LongestStreakView.swift */; };
		FD1240E82EA2C5D000C4BC15 /* WeekRow.swift in Sources */ = {isa = PBXBuildFile; fileRef = FD1240E72EA2C5D000C4BC15 /* WeekRow.swift */; };
		FD1240EA2EA2C5E200C4BC15 /* WeekDay.swift in Sources */ = {isa = PBXBuildFile; fileRef = FD1240E92EA2C5E200C4BC15 /* WeekDay.swift */; };
		FD1240EC2EA2CBFB00C4BC15 /* GoalMinutesPickerSheet.swift in Sources */ = {isa = PBXBuildFile; fileRef = FD1240EB2EA2CBFB00C4BC15 /* GoalMinutesPickerSheet.swift */; };
		FD5F3BC02E9C66B4004AEC44 /* GoalsV2App.swift in Sources */ = {isa = PBXBuildFile; fileRef = FD5F3BBD2E9C66B4004AEC44 /* GoalsV2App.swift */; };
		FD5F3BC12E9C66B4004AEC44 /* ContentView.swift in Sources */ = {isa = PBXBuildFile; fileRef = FD5F3BBC2E9C66B4004AEC44 /* ContentView.swift */; };
		FD5F3BC32E9C66B4004AEC44 /* Assets.xcassets in Resources */ = {isa = PBXBuildFile; fileRef = FD5F3BBB2E9C66B4004AEC44 /* Assets.xcassets */; };
		FD5F3BC62E9C6768004AEC44 /* StudySession.swift in Sources */ = {isa = PBXBuildFile; fileRef = FD5F3BC52E9C6768004AEC44 /* StudySession.swift */; };
		FD5F3BC82E9C6797004AEC44 /* DailyStatus.swift in Sources */ = {isa = PBXBuildFile; fileRef = FD5F3BC72E9C6797004AEC44 /* DailyStatus.swift */; };
		FD5F3BCA2E9C67BF004AEC44 /* Goal.swift in Sources */ = {isa = PBXBuildFile; fileRef = FD5F3BC92E9C67BF004AEC44 /* Goal.swift */; };
		FD5F3BCC2E9C67D6004AEC44 /* Topic.swift in Sources */ = {isa = PBXBuildFile; fileRef = FD5F3BCB2E9C67D6004AEC44 /* Topic.swift */; };
		FD5F3BCE2E9C6804004AEC44 /* GoalModel.swift in Sources */ = {isa = PBXBuildFile; fileRef = FD5F3BCD2E9C6804004AEC44 /* GoalModel.swift */; };
		FD5F3BD02E9C683E004AEC44 /* Streak.swift in Sources */ = {isa = PBXBuildFile; fileRef = FD5F3BCF2E9C683E004AEC44 /* Streak.swift */; };
		FD5F3BD22E9C6850004AEC44 /* Timer.swift in Sources */ = {isa = PBXBuildFile; fileRef = FD5F3BD12E9C6850004AEC44 /* Timer.swift */; };
		FD5F3BD42E9C6877004AEC44 /* SampleData.swift in Sources */ = {isa = PBXBuildFile; fileRef = FD5F3BD32E9C6877004AEC44 /* SampleData.swift */; };
/* End PBXBuildFile section */

/* Begin PBXFileReference section */
		FD1240CD2EA29EC400C4BC15 /* OnboardingView.swift */ = {isa = PBXFileReference; lastKnownFileType = sourcecode.swift; path = OnboardingView.swift; sourceTree = "<group>"; };
		FD1240CF2EA2A01A00C4BC15 /* WelcomePage.swift */ = {isa = PBXFileReference; lastKnownFileType = sourcecode.swift; path = WelcomePage.swift; sourceTree = "<group>"; };
		FD1240D12EA2A05300C4BC15 /* FeaturePage.swift */ = {isa = PBXFileReference; lastKnownFileType = sourcecode.swift; path = FeaturePage.swift; sourceTree = "<group>"; };
		FD1240D32EA2A07A00C4BC15 /* FeatureCard.swift */ = {isa = PBXFileReference; lastKnownFileType = sourcecode.swift; path = FeatureCard.swift; sourceTree = "<group>"; };
		FD1240D52EA2A0A800C4BC15 /* GoalView.swift */ = {isa = PBXFileReference; lastKnownFileType = sourcecode.swift; path = GoalView.swift; sourceTree = "<group>"; };
		FD1240D82EA2A3A900C4BC15 /* TopicListView.swift */ = {isa = PBXFileReference; lastKnownFileType = sourcecode.swift; path = TopicListView.swift; sourceTree = "<group>"; };
		FD1240DA2EA2A40A00C4BC15 /* TopicDetailView.swift */ = {isa = PBXFileReference; lastKnownFileType = sourcecode.swift; path = TopicDetailView.swift; sourceTree = "<group>"; };
		FD1240DC2EA2A50300C4BC15 /* TopicCard.swift */ = {isa = PBXFileReference; lastKnownFileType = sourcecode.swift; path = TopicCard.swift; sourceTree = "<group>"; };
		FD1240DE2EA2A54800C4BC15 /* NewTopicView.swift */ = {isa = PBXFileReference; lastKnownFileType = sourcecode.swift; path = NewTopicView.swift; sourceTree = "<group>"; };
		FD1240E32EA2C58D00C4BC15 /* StreakView.swift */ = {isa = PBXFileReference; lastKnownFileType = sourcecode.swift; path = StreakView.swift; sourceTree = "<group>"; };
		FD1240E52EA2C5BF00C4BC15 /* LongestStreakView.swift */ = {isa = PBXFileReference; lastKnownFileType = sourcecode.swift; path = LongestStreakView.swift; sourceTree = "<group>"; };
		FD1240E72EA2C5D000C4BC15 /* WeekRow.swift */ = {isa = PBXFileReference; lastKnownFileType = sourcecode.swift; path = WeekRow.swift; sourceTree = "<group>"; };
		FD1240E92EA2C5E200C4BC15 /* WeekDay.swift */ = {isa = PBXFileReference; lastKnownFileType = sourcecode.swift; path = WeekDay.swift; sourceTree = "<group>"; };
		FD1240EB2EA2CBFB00C4BC15 /* GoalMinutesPickerSheet.swift */ = {isa = PBXFileReference; lastKnownFileType = sourcecode.swift; path = GoalMinutesPickerSheet.swift; sourceTree = "<group>"; };
		FD5F3BA32E9C6364004AEC44 /* GoalsV2.app */ = {isa = PBXFileReference; explicitFileType = wrapper.application; includeInIndex = 0; path = GoalsV2.app; sourceTree = BUILT_PRODUCTS_DIR; };
		FD5F3BBB2E9C66B4004AEC44 /* Assets.xcassets */ = {isa = PBXFileReference; lastKnownFileType = folder.assetcatalog; path = Assets.xcassets; sourceTree = "<group>"; };
		FD5F3BBC2E9C66B4004AEC44 /* ContentView.swift */ = {isa = PBXFileReference; lastKnownFileType = sourcecode.swift; path = ContentView.swift; sourceTree = "<group>"; };
		FD5F3BBD2E9C66B4004AEC44 /* GoalsV2App.swift */ = {isa = PBXFileReference; lastKnownFileType = sourcecode.swift; path = GoalsV2App.swift; sourceTree = "<group>"; };
		FD5F3BC52E9C6768004AEC44 /* StudySession.swift */ = {isa = PBXFileReference; lastKnownFileType = sourcecode.swift; path = StudySession.swift; sourceTree = "<group>"; };
		FD5F3BC72E9C6797004AEC44 /* DailyStatus.swift */ = {isa = PBXFileReference; lastKnownFileType = sourcecode.swift; path = DailyStatus.swift; sourceTree = "<group>"; };
		FD5F3BC92E9C67BF004AEC44 /* Goal.swift */ = {isa = PBXFileReference; lastKnownFileType = sourcecode.swift; path = Goal.swift; sourceTree = "<group>"; };
		FD5F3BCB2E9C67D6004AEC44 /* Topic.swift */ = {isa = PBXFileReference; lastKnownFileType = sourcecode.swift; path = Topic.swift; sourceTree = "<group>"; };
		FD5F3BCD2E9C6804004AEC44 /* GoalModel.swift */ = {isa = PBXFileReference; lastKnownFileType = sourcecode.swift; path = GoalModel.swift; sourceTree = "<group>"; };
		FD5F3BCF2E9C683E004AEC44 /* Streak.swift */ = {isa = PBXFileReference; lastKnownFileType = sourcecode.swift; path = Streak.swift; sourceTree = "<group>"; };
		FD5F3BD12E9C6850004AEC44 /* Timer.swift */ = {isa = PBXFileReference; lastKnownFileType = sourcecode.swift; path = Timer.swift; sourceTree = "<group>"; };
		FD5F3BD32E9C6877004AEC44 /* SampleData.swift */ = {isa = PBXFileReference; lastKnownFileType = sourcecode.swift; path = SampleData.swift; sourceTree = "<group>"; };
/* End PBXFileReference section */

/* Begin PBXFrameworksBuildPhase section */
		FD5F3BA02E9C6364004AEC44 /* Frameworks */ = {
			isa = PBXFrameworksBuildPhase;
			buildActionMask = 2147483647;
			files = (
			);
			runOnlyForDeploymentPostprocessing = 0;
		};
/* End PBXFrameworksBuildPhase section */

/* Begin PBXGroup section */
		FD1240CB2EA02E4F00C4BC15 /* Views */ = {
			isa = PBXGroup;
			children = (
				FD1240D72EA2A39B00C4BC15 /* Topic */,
				FD1240E22EA2C54B00C4BC15 /* Streak */,
				FD1240CC2EA29EA500C4BC15 /* Onboarding */,
				FD5F3BBC2E9C66B4004AEC44 /* ContentView.swift */,
			);
			path = Views;
			sourceTree = "<group>";
		};
		FD1240CC2EA29EA500C4BC15 /* Onboarding */ = {
			isa = PBXGroup;
			children = (
				FD1240CD2EA29EC400C4BC15 /* OnboardingView.swift */,
				FD1240CF2EA2A01A00C4BC15 /* WelcomePage.swift */,
				FD1240D12EA2A05300C4BC15 /* FeaturePage.swift */,
				FD1240D32EA2A07A00C4BC15 /* FeatureCard.swift */,
				FD1240D52EA2A0A800C4BC15 /* GoalView.swift */,
			);
			path = Onboarding;
			sourceTree = "<group>";
		};
		FD1240D72EA2A39B00C4BC15 /* Topic */ = {
			isa = PBXGroup;
			children = (
				FD1240D82EA2A3A900C4BC15 /* TopicListView.swift */,
				FD1240DA2EA2A40A00C4BC15 /* TopicDetailView.swift */,
				FD1240DC2EA2A50300C4BC15 /* TopicCard.swift */,
				FD1240DE2EA2A54800C4BC15 /* NewTopicView.swift */,
			);
			path = Topic;
			sourceTree = "<group>";
		};
		FD1240E22EA2C54B00C4BC15 /* Streak */ = {
			isa = PBXGroup;
			children = (
				FD1240E32EA2C58D00C4BC15 /* StreakView.swift */,
				FD1240E52EA2C5BF00C4BC15 /* LongestStreakView.swift */,
				FD1240E72EA2C5D000C4BC15 /* WeekRow.swift */,
				FD1240E92EA2C5E200C4BC15 /* WeekDay.swift */,
				FD1240EB2EA2CBFB00C4BC15 /* GoalMinutesPickerSheet.swift */,
			);
			path = Streak;
			sourceTree = "<group>";
		};
		FD5F3B9A2E9C6364004AEC44 = {
			isa = PBXGroup;
			children = (
				FD5F3BBF2E9C66B4004AEC44 /* GoalsV2 */,
				FD5F3BA42E9C6364004AEC44 /* Products */,
			);
			sourceTree = "<group>";
		};
		FD5F3BA42E9C6364004AEC44 /* Products */ = {
			isa = PBXGroup;
			children = (
				FD5F3BA32E9C6364004AEC44 /* GoalsV2.app */,
			);
			name = Products;
			sourceTree = "<group>";
		};
		FD5F3BBF2E9C66B4004AEC44 /* GoalsV2 */ = {
			isa = PBXGroup;
			children = (
				FD5F3BC42E9C6754004AEC44 /* Models */,
				FD1240CB2EA02E4F00C4BC15 /* Views */,
				FD5F3BBD2E9C66B4004AEC44 /* GoalsV2App.swift */,
				FD5F3BBB2E9C66B4004AEC44 /* Assets.xcassets */,
			);
			path = GoalsV2;
			sourceTree = "<group>";
		};
		FD5F3BC42E9C6754004AEC44 /* Models */ = {
			isa = PBXGroup;
			children = (
				FD5F3BCD2E9C6804004AEC44 /* GoalModel.swift */,
				FD5F3BC52E9C6768004AEC44 /* StudySession.swift */,
				FD5F3BC72E9C6797004AEC44 /* DailyStatus.swift */,
				FD5F3BC92E9C67BF004AEC44 /* Goal.swift */,
				FD5F3BCB2E9C67D6004AEC44 /* Topic.swift */,
				FD5F3BCF2E9C683E004AEC44 /* Streak.swift */,
				FD5F3BD12E9C6850004AEC44 /* Timer.swift */,
				FD5F3BD32E9C6877004AEC44 /* SampleData.swift */,
			);
			path = Models;
			sourceTree = "<group>";
		};
/* End PBXGroup section */

/* Begin PBXNativeTarget section */
		FD5F3BA22E9C6364004AEC44 /* GoalsV2 */ = {
			isa = PBXNativeTarget;
			buildConfigurationList = FD5F3BB02E9C6365004AEC44 /* Build configuration list for PBXNativeTarget "GoalsV2" */;
			buildPhases = (
				FD5F3B9F2E9C6364004AEC44 /* Sources */,
				FD5F3BA02E9C6364004AEC44 /* Frameworks */,
				FD5F3BA12E9C6364004AEC44 /* Resources */,
			);
			buildRules = (
			);
			dependencies = (
			);
			name = GoalsV2;
			packageProductDependencies = (
			);
			productName = GoalsV2;
			productReference = FD5F3BA32E9C6364004AEC44 /* GoalsV2.app */;
			productType = "com.apple.product-type.application";
		};
/* End PBXNativeTarget section */

/* Begin PBXProject section */
		FD5F3B9B2E9C6364004AEC44 /* Project object */ = {
			isa = PBXProject;
			attributes = {
				BuildIndependentTargetsInParallel = 1;
				LastSwiftUpdateCheck = 2600;
				LastUpgradeCheck = 2600;
				TargetAttributes = {
					FD5F3BA22E9C6364004AEC44 = {
						CreatedOnToolsVersion = 26.0.1;
					};
				};
			};
			buildConfigurationList = FD5F3B9E2E9C6364004AEC44 /* Build configuration list for PBXProject "GoalsV2" */;
			developmentRegion = en;
			hasScannedForEncodings = 0;
			knownRegions = (
				en,
				Base,
			);
			mainGroup = FD5F3B9A2E9C6364004AEC44;
			minimizedProjectReferenceProxies = 1;
			preferredProjectObjectVersion = 77;
			productRefGroup = FD5F3BA42E9C6364004AEC44 /* Products */;
			projectDirPath = "";
			projectRoot = "";
			targets = (
				FD5F3BA22E9C6364004AEC44 /* GoalsV2 */,
			);
		};
/* End PBXProject section */

/* Begin PBXResourcesBuildPhase section */
		FD5F3BA12E9C6364004AEC44 /* Resources */ = {
			isa = PBXResourcesBuildPhase;
			buildActionMask = 2147483647;
			files = (
				FD5F3BC32E9C66B4004AEC44 /* Assets.xcassets in Resources */,
			);
			runOnlyForDeploymentPostprocessing = 0;
		};
/* End PBXResourcesBuildPhase section */

/* Begin PBXSourcesBuildPhase section */
		FD5F3B9F2E9C6364004AEC44 /* Sources */ = {
			isa = PBXSourcesBuildPhase;
			buildActionMask = 2147483647;
			files = (
				FD1240E42EA2C58D00C4BC15 /* StreakView.swift in Sources */,
				FD5F3BC02E9C66B4004AEC44 /* GoalsV2App.swift in Sources */,
				FD5F3BC82E9C6797004AEC44 /* DailyStatus.swift in Sources */,
				FD5F3BC12E9C66B4004AEC44 /* ContentView.swift in Sources */,
				FD5F3BD22E9C6850004AEC44 /* Timer.swift in Sources */,
				FD1240DF2EA2A54800C4BC15 /* NewTopicView.swift in Sources */,
				FD1240D92EA2A3A900C4BC15 /* TopicListView.swift in Sources */,
				FD1240D42EA2A07A00C4BC15 /* FeatureCard.swift in Sources */,
				FD5F3BC62E9C6768004AEC44 /* StudySession.swift in Sources */,
				FD1240EA2EA2C5E200C4BC15 /* WeekDay.swift in Sources */,
				FD1240D22EA2A05300C4BC15 /* FeaturePage.swift in Sources */,
				FD1240D62EA2A0A900C4BC15 /* GoalView.swift in Sources */,
				FD1240DB2EA2A40A00C4BC15 /* TopicDetailView.swift in Sources */,
				FD1240E82EA2C5D000C4BC15 /* WeekRow.swift in Sources */,
				FD1240EC2EA2CBFB00C4BC15 /* GoalMinutesPickerSheet.swift in Sources */,
				FD5F3BCA2E9C67BF004AEC44 /* Goal.swift in Sources */,
				FD5F3BCE2E9C6804004AEC44 /* GoalModel.swift in Sources */,
				FD1240D02EA2A01A00C4BC15 /* WelcomePage.swift in Sources */,
				FD5F3BD42E9C6877004AEC44 /* SampleData.swift in Sources */,
				FD1240CE2EA29EC400C4BC15 /* OnboardingView.swift in Sources */,
				FD1240DD2EA2A50300C4BC15 /* TopicCard.swift in Sources */,
				FD1240E62EA2C5BF00C4BC15 /* LongestStreakView.swift in Sources */,
				FD5F3BD02E9C683E004AEC44 /* Streak.swift in Sources */,
				FD5F3BCC2E9C67D6004AEC44 /* Topic.swift in Sources */,
			);
			runOnlyForDeploymentPostprocessing = 0;
		};
/* End PBXSourcesBuildPhase section */

/* Begin XCBuildConfiguration section */
		FD5F3BAE2E9C6365004AEC44 /* Debug */ = {
			isa = XCBuildConfiguration;
			buildSettings = {
				ALWAYS_SEARCH_USER_PATHS = NO;
				ASSETCATALOG_COMPILER_GENERATE_SWIFT_ASSET_SYMBOL_EXTENSIONS = YES;
				CLANG_ANALYZER_NONNULL = YES;
				CLANG_ANALYZER_NUMBER_OBJECT_CONVERSION = YES_AGGRESSIVE;
				CLANG_CXX_LANGUAGE_STANDARD = "gnu++20";
				CLANG_ENABLE_MODULES = YES;
				CLANG_ENABLE_OBJC_ARC = YES;
				CLANG_ENABLE_OBJC_WEAK = YES;
				CLANG_WARN_BLOCK_CAPTURE_AUTORELEASING = YES;
				CLANG_WARN_BOOL_CONVERSION = YES;
				CLANG_WARN_COMMA = YES;
				CLANG_WARN_CONSTANT_CONVERSION = YES;
				CLANG_WARN_DEPRECATED_OBJC_IMPLEMENTATIONS = YES;
				CLANG_WARN_DIRECT_OBJC_ISA_USAGE = YES_ERROR;
				CLANG_WARN_DOCUMENTATION_COMMENTS = YES;
				CLANG_WARN_EMPTY_BODY = YES;
				CLANG_WARN_ENUM_CONVERSION = YES;
				CLANG_WARN_INFINITE_RECURSION = YES;
				CLANG_WARN_INT_CONVERSION = YES;
				CLANG_WARN_NON_LITERAL_NULL_CONVERSION = YES;
				CLANG_WARN_OBJC_IMPLICIT_RETAIN_SELF = YES;
				CLANG_WARN_OBJC_LITERAL_CONVERSION = YES;
				CLANG_WARN_OBJC_ROOT_CLASS = YES_ERROR;
				CLANG_WARN_QUOTED_INCLUDE_IN_FRAMEWORK_HEADER = YES;
				CLANG_WARN_RANGE_LOOP_ANALYSIS = YES;
				CLANG_WARN_STRICT_PROTOTYPES = YES;
				CLANG_WARN_SUSPICIOUS_MOVE = YES;
				CLANG_WARN_UNGUARDED_AVAILABILITY = YES_AGGRESSIVE;
				CLANG_WARN_UNREACHABLE_CODE = YES;
				CLANG_WARN__DUPLICATE_METHOD_MATCH = YES;
				COPY_PHASE_STRIP = NO;
				DEBUG_INFORMATION_FORMAT = dwarf;
				ENABLE_STRICT_OBJC_MSGSEND = YES;
				ENABLE_TESTABILITY = YES;
				ENABLE_USER_SCRIPT_SANDBOXING = YES;
				GCC_C_LANGUAGE_STANDARD = gnu17;
				GCC_DYNAMIC_NO_PIC = NO;
				GCC_NO_COMMON_BLOCKS = YES;
				GCC_OPTIMIZATION_LEVEL = 0;
				GCC_PREPROCESSOR_DEFINITIONS = (
					"DEBUG=1",
					"$(inherited)",
				);
				GCC_WARN_64_TO_32_BIT_CONVERSION = YES;
				GCC_WARN_ABOUT_RETURN_TYPE = YES_ERROR;
				GCC_WARN_UNDECLARED_SELECTOR = YES;
				GCC_WARN_UNINITIALIZED_AUTOS = YES_AGGRESSIVE;
				GCC_WARN_UNUSED_FUNCTION = YES;
				GCC_WARN_UNUSED_VARIABLE = YES;
				IPHONEOS_DEPLOYMENT_TARGET = 26.0;
				LOCALIZATION_PREFERS_STRING_CATALOGS = YES;
				MTL_ENABLE_DEBUG_INFO = INCLUDE_SOURCE;
				MTL_FAST_MATH = YES;
				ONLY_ACTIVE_ARCH = YES;
				SDKROOT = iphoneos;
				SWIFT_ACTIVE_COMPILATION_CONDITIONS = "DEBUG $(inherited)";
				SWIFT_OPTIMIZATION_LEVEL = "-Onone";
			};
			name = Debug;
		};
		FD5F3BAF2E9C6365004AEC44 /* Release */ = {
			isa = XCBuildConfiguration;
			buildSettings = {
				ALWAYS_SEARCH_USER_PATHS = NO;
				ASSETCATALOG_COMPILER_GENERATE_SWIFT_ASSET_SYMBOL_EXTENSIONS = YES;
				CLANG_ANALYZER_NONNULL = YES;
				CLANG_ANALYZER_NUMBER_OBJECT_CONVERSION = YES_AGGRESSIVE;
				CLANG_CXX_LANGUAGE_STANDARD = "gnu++20";
				CLANG_ENABLE_MODULES = YES;
				CLANG_ENABLE_OBJC_ARC = YES;
				CLANG_ENABLE_OBJC_WEAK = YES;
				CLANG_WARN_BLOCK_CAPTURE_AUTORELEASING = YES;
				CLANG_WARN_BOOL_CONVERSION = YES;
				CLANG_WARN_COMMA = YES;
				CLANG_WARN_CONSTANT_CONVERSION = YES;
				CLANG_WARN_DEPRECATED_OBJC_IMPLEMENTATIONS = YES;
				CLANG_WARN_DIRECT_OBJC_ISA_USAGE = YES_ERROR;
				CLANG_WARN_DOCUMENTATION_COMMENTS = YES;
				CLANG_WARN_EMPTY_BODY = YES;
				CLANG_WARN_ENUM_CONVERSION = YES;
				CLANG_WARN_INFINITE_RECURSION = YES;
				CLANG_WARN_INT_CONVERSION = YES;
				CLANG_WARN_NON_LITERAL_NULL_CONVERSION = YES;
				CLANG_WARN_OBJC_IMPLICIT_RETAIN_SELF = YES;
				CLANG_WARN_OBJC_LITERAL_CONVERSION = YES;
				CLANG_WARN_OBJC_ROOT_CLASS = YES_ERROR;
				CLANG_WARN_QUOTED_INCLUDE_IN_FRAMEWORK_HEADER = YES;
				CLANG_WARN_RANGE_LOOP_ANALYSIS = YES;
				CLANG_WARN_STRICT_PROTOTYPES = YES;
				CLANG_WARN_SUSPICIOUS_MOVE = YES;
				CLANG_WARN_UNGUARDED_AVAILABILITY = YES_AGGRESSIVE;
				CLANG_WARN_UNREACHABLE_CODE = YES;
				CLANG_WARN__DUPLICATE_METHOD_MATCH = YES;
				COPY_PHASE_STRIP = NO;
				DEBUG_INFORMATION_FORMAT = "dwarf-with-dsym";
				ENABLE_NS_ASSERTIONS = NO;
				ENABLE_STRICT_OBJC_MSGSEND = YES;
				ENABLE_USER_SCRIPT_SANDBOXING = YES;
				GCC_C_LANGUAGE_STANDARD = gnu17;
				GCC_NO_COMMON_BLOCKS = YES;
				GCC_WARN_64_TO_32_BIT_CONVERSION = YES;
				GCC_WARN_ABOUT_RETURN_TYPE = YES_ERROR;
				GCC_WARN_UNDECLARED_SELECTOR = YES;
				GCC_WARN_UNINITIALIZED_AUTOS = YES_AGGRESSIVE;
				GCC_WARN_UNUSED_FUNCTION = YES;
				GCC_WARN_UNUSED_VARIABLE = YES;
				IPHONEOS_DEPLOYMENT_TARGET = 26.0;
				LOCALIZATION_PREFERS_STRING_CATALOGS = YES;
				MTL_ENABLE_DEBUG_INFO = NO;
				MTL_FAST_MATH = YES;
				SDKROOT = iphoneos;
				SWIFT_COMPILATION_MODE = wholemodule;
				VALIDATE_PRODUCT = YES;
			};
			name = Release;
		};
		FD5F3BB12E9C6365004AEC44 /* Debug */ = {
			isa = XCBuildConfiguration;
			buildSettings = {
				ASSETCATALOG_COMPILER_APPICON_NAME = AppIcon;
				ASSETCATALOG_COMPILER_GLOBAL_ACCENT_COLOR_NAME = AccentColor;
				CODE_SIGN_STYLE = Automatic;
				CURRENT_PROJECT_VERSION = 1;
				DEVELOPMENT_TEAM = B2RD559DGF;
				ENABLE_PREVIEWS = YES;
				GENERATE_INFOPLIST_FILE = YES;
				INFOPLIST_KEY_UIApplicationSceneManifest_Generation = YES;
				INFOPLIST_KEY_UIApplicationSupportsIndirectInputEvents = YES;
				INFOPLIST_KEY_UILaunchScreen_Generation = YES;
				INFOPLIST_KEY_UISupportedInterfaceOrientations = UIInterfaceOrientationPortrait;
				INFOPLIST_KEY_UISupportedInterfaceOrientations_iPad = "UIInterfaceOrientationLandscapeLeft UIInterfaceOrientationLandscapeRight UIInterfaceOrientationPortrait UIInterfaceOrientationPortraitUpsideDown";
				LD_RUNPATH_SEARCH_PATHS = (
					"$(inherited)",
					"@executable_path/Frameworks",
				);
				MARKETING_VERSION = 1.0;
				PRODUCT_BUNDLE_IDENTIFIER = io.gerardgonzalez.GoalsV2;
				PRODUCT_NAME = "$(TARGET_NAME)";
				STRING_CATALOG_GENERATE_SYMBOLS = YES;
				SWIFT_APPROACHABLE_CONCURRENCY = YES;
				SWIFT_DEFAULT_ACTOR_ISOLATION = MainActor;
				SWIFT_EMIT_LOC_STRINGS = YES;
				SWIFT_UPCOMING_FEATURE_MEMBER_IMPORT_VISIBILITY = YES;
				SWIFT_VERSION = 5.0;
				TARGETED_DEVICE_FAMILY = "1,2";
			};
			name = Debug;
		};
		FD5F3BB22E9C6365004AEC44 /* Release */ = {
			isa = XCBuildConfiguration;
			buildSettings = {
				ASSETCATALOG_COMPILER_APPICON_NAME = AppIcon;
				ASSETCATALOG_COMPILER_GLOBAL_ACCENT_COLOR_NAME = AccentColor;
				CODE_SIGN_STYLE = Automatic;
				CURRENT_PROJECT_VERSION = 1;
				DEVELOPMENT_TEAM = B2RD559DGF;
				ENABLE_PREVIEWS = YES;
				GENERATE_INFOPLIST_FILE = YES;
				INFOPLIST_KEY_UIApplicationSceneManifest_Generation = YES;
				INFOPLIST_KEY_UIApplicationSupportsIndirectInputEvents = YES;
				INFOPLIST_KEY_UILaunchScreen_Generation = YES;
				INFOPLIST_KEY_UISupportedInterfaceOrientations = UIInterfaceOrientationPortrait;
				INFOPLIST_KEY_UISupportedInterfaceOrientations_iPad = "UIInterfaceOrientationLandscapeLeft UIInterfaceOrientationLandscapeRight UIInterfaceOrientationPortrait UIInterfaceOrientationPortraitUpsideDown";
				LD_RUNPATH_SEARCH_PATHS = (
					"$(inherited)",
					"@executable_path/Frameworks",
				);
				MARKETING_VERSION = 1.0;
				PRODUCT_BUNDLE_IDENTIFIER = io.gerardgonzalez.GoalsV2;
				PRODUCT_NAME = "$(TARGET_NAME)";
				STRING_CATALOG_GENERATE_SYMBOLS = YES;
				SWIFT_APPROACHABLE_CONCURRENCY = YES;
				SWIFT_DEFAULT_ACTOR_ISOLATION = MainActor;
				SWIFT_EMIT_LOC_STRINGS = YES;
				SWIFT_UPCOMING_FEATURE_MEMBER_IMPORT_VISIBILITY = YES;
				SWIFT_VERSION = 5.0;
				TARGETED_DEVICE_FAMILY = "1,2";
			};
			name = Release;
		};
/* End XCBuildConfiguration section */

/* Begin XCConfigurationList section */
		FD5F3B9E2E9C6364004AEC44 /* Build configuration list for PBXProject "GoalsV2" */ = {
			isa = XCConfigurationList;
			buildConfigurations = (
				FD5F3BAE2E9C6365004AEC44 /* Debug */,
				FD5F3BAF2E9C6365004AEC44 /* Release */,
			);
			defaultConfigurationIsVisible = 0;
			defaultConfigurationName = Release;
		};
		FD5F3BB02E9C6365004AEC44 /* Build configuration list for PBXNativeTarget "GoalsV2" */ = {
			isa = XCConfigurationList;
			buildConfigurations = (
				FD5F3BB12E9C6365004AEC44 /* Debug */,
				FD5F3BB22E9C6365004AEC44 /* Release */,
			);
			defaultConfigurationIsVisible = 0;
			defaultConfigurationName = Release;
		};
/* End XCConfigurationList section */
	};
	rootObject = FD5F3B9B2E9C6364004AEC44 /* Project object */;
}
